
Microsoft Visual Studio Solution File, Format Version 12.00
# Visual Studio Version 16
VisualStudioVersion = 16.0.31515.178
MinimumVisualStudioVersion = 10.0.40219.1
Project("{FAE04EC0-301F-11D3-BF4B-00C04F79EFBC}") = "_17ProjLinqLambda", "_17ProjLinqLambda\_17ProjLinqLambda.csproj", "{93030A27-F105-4E9E-8B7F-710EB3A8C4EE}"
EndProject
Global
	GlobalSection(SolutionConfigurationPlatforms) = preSolution
		Debug|Any CPU = Debug|Any CPU
		Release|Any CPU = Release|Any CPU
	EndGlobalSection
	GlobalSection(ProjectConfigurationPlatforms) = postSolution
		{93030A27-F105-4E9E-8B7F-710EB3A8C4EE}.Debug|Any CPU.ActiveCfg = Debug|Any CPU
		{93030A27-F105-4E9E-8B7F-710EB3A8C4EE}.Debug|Any CPU.Build.0 = Debug|Any CPU
		{93030A27-F105-4E9E-8B7F-710EB3A8C4EE}.Release|Any CPU.ActiveCfg = Release|Any CPU
		{93030A27-F105-4E9E-8B7F-710EB3A8C4EE}.Release|Any CPU.Build.0 = Release|Any CPU
	EndGlobalSection
	GlobalSection(SolutionProperties) = preSolution
		HideSolutionNode = FALSE
	EndGlobalSection
	GlobalSection(ExtensibilityGlobals) = postSolution
		SolutionGuid = {BB5284CF-0168-49FE-B6A8-D4E2F55643CE}
	EndGlobalSection
EndGlobal
